
Microsoft Visual Studio Solution File, Format Version 12.00
# Visual Studio 15
VisualStudioVersion = 15.0.27428.2005
MinimumVisualStudioVersion = 10.0.40219.1
Project("{9A19103F-16F7-4668-BE54-9A1E7A4F7556}") = "SmartCardDriver", "SmartCardDriver\SmartCardDriver.csproj", "{3913056F-4C2C-498C-BD08-28BA296D0E3A}"
EndProject
Project("{9A19103F-16F7-4668-BE54-9A1E7A4F7556}") = "EmvLib", "EmvLib\EmvLib.csproj", "{94839642-8B12-49CC-B1AA-A248A44EC4C1}"
EndProject
Project("{9A19103F-16F7-4668-BE54-9A1E7A4F7556}") = "InterfaceAltSecurity", "IAltSecurity\InterfaceAltSecurity.csproj", "{D8D67C02-FFDE-4167-9A21-D1888698FD90}"
EndProject
Project("{FAE04EC0-301F-11D3-BF4B-00C04F79EFBC}") = "AltsDemoGui", "AltsDemoGui\AltsDemoGui.csproj", "{1D30D5E0-4D36-41E3-9A72-161783FAAA1A}"
EndProject
Global
	GlobalSection(SolutionConfigurationPlatforms) = preSolution
		Debug|Any CPU = Debug|Any CPU
		Release|Any CPU = Release|Any CPU
	EndGlobalSection
	GlobalSection(ProjectConfigurationPlatforms) = postSolution
		{3913056F-4C2C-498C-BD08-28BA296D0E3A}.Debug|Any CPU.ActiveCfg = Debug|Any CPU
		{3913056F-4C2C-498C-BD08-28BA296D0E3A}.Debug|Any CPU.Build.0 = Debug|Any CPU
		{3913056F-4C2C-498C-BD08-28BA296D0E3A}.Release|Any CPU.ActiveCfg = Release|Any CPU
		{3913056F-4C2C-498C-BD08-28BA296D0E3A}.Release|Any CPU.Build.0 = Release|Any CPU
		{94839642-8B12-49CC-B1AA-A248A44EC4C1}.Debug|Any CPU.ActiveCfg = Debug|Any CPU
		{94839642-8B12-49CC-B1AA-A248A44EC4C1}.Debug|Any CPU.Build.0 = Debug|Any CPU
		{94839642-8B12-49CC-B1AA-A248A44EC4C1}.Release|Any CPU.ActiveCfg = Release|Any CPU
		{94839642-8B12-49CC-B1AA-A248A44EC4C1}.Release|Any CPU.Build.0 = Release|Any CPU
		{D8D67C02-FFDE-4167-9A21-D1888698FD90}.Debug|Any CPU.ActiveCfg = Debug|Any CPU
		{D8D67C02-FFDE-4167-9A21-D1888698FD90}.Debug|Any CPU.Build.0 = Debug|Any CPU
		{D8D67C02-FFDE-4167-9A21-D1888698FD90}.Release|Any CPU.ActiveCfg = Release|Any CPU
		{D8D67C02-FFDE-4167-9A21-D1888698FD90}.Release|Any CPU.Build.0 = Release|Any CPU
		{1D30D5E0-4D36-41E3-9A72-161783FAAA1A}.Debug|Any CPU.ActiveCfg = Debug|Any CPU
		{1D30D5E0-4D36-41E3-9A72-161783FAAA1A}.Debug|Any CPU.Build.0 = Debug|Any CPU
		{1D30D5E0-4D36-41E3-9A72-161783FAAA1A}.Release|Any CPU.ActiveCfg = Release|Any CPU
		{1D30D5E0-4D36-41E3-9A72-161783FAAA1A}.Release|Any CPU.Build.0 = Release|Any CPU
	EndGlobalSection
	GlobalSection(SolutionProperties) = preSolution
		HideSolutionNode = FALSE
	EndGlobalSection
	GlobalSection(ExtensibilityGlobals) = postSolution
		SolutionGuid = {DDCE0F11-F01B-45AD-AAFD-0AFF8C464375}
	EndGlobalSection
EndGlobal
